
Microsoft Visual Studio Solution File, Format Version 12.00
# Visual Studio Version 16
VisualStudioVersion = 16.0.31911.196
MinimumVisualStudioVersion = 10.0.40219.1
Project("{FAE04EC0-301F-11D3-BF4B-00C04F79EFBC}") = "MyExpenses.UWP", "MyExpenses\MyExpenses.UWP\MyExpenses.UWP.csproj", "{387C19B5-CFB1-4DDA-9ED5-417ABB6C4F26}"
EndProject
Project("{FAE04EC0-301F-11D3-BF4B-00C04F79EFBC}") = "MyExpenses.Android", "MyExpenses\MyExpenses.Android\MyExpenses.Android.csproj", "{A1B998B5-BD1C-47CC-802E-868B653F70E5}"
EndProject
Project("{FAE04EC0-301F-11D3-BF4B-00C04F79EFBC}") = "MyExpenses.iOS", "MyExpenses\MyExpenses.iOS\MyExpenses.iOS.csproj", "{8030A7A2-9694-4E28-A847-6667F8CCBDE2}"
EndProject
Project("{FAE04EC0-301F-11D3-BF4B-00C04F79EFBC}") = "MyExpenses", "MyExpenses\MyExpenses\MyExpenses.csproj", "{8F64444C-520A-4719-AA24-17A5396A737B}"
EndProject
Project("{FAE04EC0-301F-11D3-BF4B-00C04F79EFBC}") = "MyExpensesApi", "MyExpensesApi\MyExpensesApi.csproj", "{EC758375-F397-4346-8133-E6EB816C3494}"
EndProject
Global
	GlobalSection(SolutionConfigurationPlatforms) = preSolution
		Debug|Any CPU = Debug|Any CPU
		Debug|ARM = Debug|ARM
		Debug|iPhone = Debug|iPhone
		Debug|iPhoneSimulator = Debug|iPhoneSimulator
		Debug|x64 = Debug|x64
		Debug|x86 = Debug|x86
		Release|Any CPU = Release|Any CPU
		Release|ARM = Release|ARM
		Release|iPhone = Release|iPhone
		Release|iPhoneSimulator = Release|iPhoneSimulator
		Release|x64 = Release|x64
		Release|x86 = Release|x86
	EndGlobalSection
	GlobalSection(ProjectConfigurationPlatforms) = postSolution
		{387C19B5-CFB1-4DDA-9ED5-417ABB6C4F26}.Debug|Any CPU.ActiveCfg = Debug|x86
		{387C19B5-CFB1-4DDA-9ED5-417ABB6C4F26}.Debug|ARM.ActiveCfg = Debug|ARM
		{387C19B5-CFB1-4DDA-9ED5-417ABB6C4F26}.Debug|ARM.Build.0 = Debug|ARM
		{387C19B5-CFB1-4DDA-9ED5-417ABB6C4F26}.Debug|ARM.Deploy.0 = Debug|ARM
		{387C19B5-CFB1-4DDA-9ED5-417ABB6C4F26}.Debug|iPhone.ActiveCfg = Debug|x86
		{387C19B5-CFB1-4DDA-9ED5-417ABB6C4F26}.Debug|iPhoneSimulator.ActiveCfg = Debug|x86
		{387C19B5-CFB1-4DDA-9ED5-417ABB6C4F26}.Debug|x64.ActiveCfg = Debug|x64
		{387C19B5-CFB1-4DDA-9ED5-417ABB6C4F26}.Debug|x64.Build.0 = Debug|x64
		{387C19B5-CFB1-4DDA-9ED5-417ABB6C4F26}.Debug|x64.Deploy.0 = Debug|x64
		{387C19B5-CFB1-4DDA-9ED5-417ABB6C4F26}.Debug|x86.ActiveCfg = Debug|x86
		{387C19B5-CFB1-4DDA-9ED5-417ABB6C4F26}.Debug|x86.Build.0 = Debug|x86
		{387C19B5-CFB1-4DDA-9ED5-417ABB6C4F26}.Debug|x86.Deploy.0 = Debug|x86
		{387C19B5-CFB1-4DDA-9ED5-417ABB6C4F26}.Release|Any CPU.ActiveCfg = Release|x86
		{387C19B5-CFB1-4DDA-9ED5-417ABB6C4F26}.Release|ARM.ActiveCfg = Release|ARM
		{387C19B5-CFB1-4DDA-9ED5-417ABB6C4F26}.Release|ARM.Build.0 = Release|ARM
		{387C19B5-CFB1-4DDA-9ED5-417ABB6C4F26}.Release|ARM.Deploy.0 = Release|ARM
		{387C19B5-CFB1-4DDA-9ED5-417ABB6C4F26}.Release|iPhone.ActiveCfg = Release|x86
		{387C19B5-CFB1-4DDA-9ED5-417ABB6C4F26}.Release|iPhoneSimulator.ActiveCfg = Release|x86
		{387C19B5-CFB1-4DDA-9ED5-417ABB6C4F26}.Release|x64.ActiveCfg = Release|x64
		{387C19B5-CFB1-4DDA-9ED5-417ABB6C4F26}.Release|x64.Build.0 = Release|x64
		{387C19B5-CFB1-4DDA-9ED5-417ABB6C4F26}.Release|x64.Deploy.0 = Release|x64
		{387C19B5-CFB1-4DDA-9ED5-417ABB6C4F26}.Release|x86.ActiveCfg = Release|x86
		{387C19B5-CFB1-4DDA-9ED5-417ABB6C4F26}.Release|x86.Build.0 = Release|x86
		{387C19B5-CFB1-4DDA-9ED5-417ABB6C4F26}.Release|x86.Deploy.0 = Release|x86
		{A1B998B5-BD1C-47CC-802E-868B653F70E5}.Debug|Any CPU.ActiveCfg = Debug|Any CPU
		{A1B998B5-BD1C-47CC-802E-868B653F70E5}.Debug|Any CPU.Build.0 = Debug|Any CPU
		{A1B998B5-BD1C-47CC-802E-868B653F70E5}.Debug|Any CPU.Deploy.0 = Debug|Any CPU
		{A1B998B5-BD1C-47CC-802E-868B653F70E5}.Debug|ARM.ActiveCfg = Debug|Any CPU
		{A1B998B5-BD1C-47CC-802E-868B653F70E5}.Debug|ARM.Build.0 = Debug|Any CPU
		{A1B998B5-BD1C-47CC-802E-868B653F70E5}.Debug|ARM.Deploy.0 = Debug|Any CPU
		{A1B998B5-BD1C-47CC-802E-868B653F70E5}.Debug|iPhone.ActiveCfg = Debug|Any CPU
		{A1B998B5-BD1C-47CC-802E-868B653F70E5}.Debug|iPhone.Build.0 = Debug|Any CPU
		{A1B998B5-BD1C-47CC-802E-868B653F70E5}.Debug|iPhone.Deploy.0 = Debug|Any CPU
		{A1B998B5-BD1C-47CC-802E-868B653F70E5}.Debug|iPhoneSimulator.ActiveCfg = Debug|Any CPU
		{A1B998B5-BD1C-47CC-802E-868B653F70E5}.Debug|iPhoneSimulator.Build.0 = Debug|Any CPU
		{A1B998B5-BD1C-47CC-802E-868B653F70E5}.Debug|iPhoneSimulator.Deploy.0 = Debug|Any CPU
		{A1B998B5-BD1C-47CC-802E-868B653F70E5}.Debug|x64.ActiveCfg = Debug|Any CPU
		{A1B998B5-BD1C-47CC-802E-868B653F70E5}.Debug|x64.Build.0 = Debug|Any CPU
		{A1B998B5-BD1C-47CC-802E-868B653F70E5}.Debug|x64.Deploy.0 = Debug|Any CPU
		{A1B998B5-BD1C-47CC-802E-868B653F70E5}.Debug|x86.ActiveCfg = Debug|Any CPU
		{A1B998B5-BD1C-47CC-802E-868B653F70E5}.Debug|x86.Build.0 = Debug|Any CPU
		{A1B998B5-BD1C-47CC-802E-868B653F70E5}.Debug|x86.Deploy.0 = Debug|Any CPU
		{A1B998B5-BD1C-47CC-802E-868B653F70E5}.Release|Any CPU.ActiveCfg = Release|Any CPU
		{A1B998B5-BD1C-47CC-802E-868B653F70E5}.Release|Any CPU.Build.0 = Release|Any CPU
		{A1B998B5-BD1C-47CC-802E-868B653F70E5}.Release|Any CPU.Deploy.0 = Release|Any CPU
		{A1B998B5-BD1C-47CC-802E-868B653F70E5}.Release|ARM.ActiveCfg = Release|Any CPU
		{A1B998B5-BD1C-47CC-802E-868B653F70E5}.Release|ARM.Build.0 = Release|Any CPU
		{A1B998B5-BD1C-47CC-802E-868B653F70E5}.Release|ARM.Deploy.0 = Release|Any CPU
		{A1B998B5-BD1C-47CC-802E-868B653F70E5}.Release|iPhone.ActiveCfg = Release|Any CPU
		{A1B998B5-BD1C-47CC-802E-868B653F70E5}.Release|iPhone.Build.0 = Release|Any CPU
		{A1B998B5-BD1C-47CC-802E-868B653F70E5}.Release|iPhone.Deploy.0 = Release|Any CPU
		{A1B998B5-BD1C-47CC-802E-868B653F70E5}.Release|iPhoneSimulator.ActiveCfg = Release|Any CPU
		{A1B998B5-BD1C-47CC-802E-868B653F70E5}.Release|iPhoneSimulator.Build.0 = Release|Any CPU
		{A1B998B5-BD1C-47CC-802E-868B653F70E5}.Release|iPhoneSimulator.Deploy.0 = Release|Any CPU
		{A1B998B5-BD1C-47CC-802E-868B653F70E5}.Release|x64.ActiveCfg = Release|Any CPU
		{A1B998B5-BD1C-47CC-802E-868B653F70E5}.Release|x64.Build.0 = Release|Any CPU
		{A1B998B5-BD1C-47CC-802E-868B653F70E5}.Release|x64.Deploy.0 = Release|Any CPU
		{A1B998B5-BD1C-47CC-802E-868B653F70E5}.Release|x86.ActiveCfg = Release|Any CPU
		{A1B998B5-BD1C-47CC-802E-868B653F70E5}.Release|x86.Build.0 = Release|Any CPU
		{A1B998B5-BD1C-47CC-802E-868B653F70E5}.Release|x86.Deploy.0 = Release|Any CPU
		{8030A7A2-9694-4E28-A847-6667F8CCBDE2}.Debug|Any CPU.ActiveCfg = Debug|iPhoneSimulator
		{8030A7A2-9694-4E28-A847-6667F8CCBDE2}.Debug|ARM.ActiveCfg = Debug|iPhoneSimulator
		{8030A7A2-9694-4E28-A847-6667F8CCBDE2}.Debug|iPhone.ActiveCfg = Debug|iPhone
		{8030A7A2-9694-4E28-A847-6667F8CCBDE2}.Debug|iPhone.Build.0 = Debug|iPhone
		{8030A7A2-9694-4E28-A847-6667F8CCBDE2}.Debug|iPhoneSimulator.ActiveCfg = Debug|iPhoneSimulator
		{8030A7A2-9694-4E28-A847-6667F8CCBDE2}.Debug|iPhoneSimulator.Build.0 = Debug|iPhoneSimulator
		{8030A7A2-9694-4E28-A847-6667F8CCBDE2}.Debug|x64.ActiveCfg = Debug|iPhoneSimulator
		{8030A7A2-9694-4E28-A847-6667F8CCBDE2}.Debug|x86.ActiveCfg = Debug|iPhoneSimulator
		{8030A7A2-9694-4E28-A847-6667F8CCBDE2}.Release|Any CPU.ActiveCfg = Release|iPhoneSimulator
		{8030A7A2-9694-4E28-A847-6667F8CCBDE2}.Release|ARM.ActiveCfg = Release|iPhoneSimulator
		{8030A7A2-9694-4E28-A847-6667F8CCBDE2}.Release|iPhone.ActiveCfg = Release|iPhone
		{8030A7A2-9694-4E28-A847-6667F8CCBDE2}.Release|iPhone.Build.0 = Release|iPhone
		{8030A7A2-9694-4E28-A847-6667F8CCBDE2}.Release|iPhoneSimulator.ActiveCfg = Release|iPhoneSimulator
		{8030A7A2-9694-4E28-A847-6667F8CCBDE2}.Release|iPhoneSimulator.Build.0 = Release|iPhoneSimulator
		{8030A7A2-9694-4E28-A847-6667F8CCBDE2}.Release|x64.ActiveCfg = Release|iPhoneSimulator
		{8030A7A2-9694-4E28-A847-6667F8CCBDE2}.Release|x86.ActiveCfg = Release|iPhoneSimulator
		{8F64444C-520A-4719-AA24-17A5396A737B}.Debug|Any CPU.ActiveCfg = Debug|Any CPU
		{8F64444C-520A-4719-AA24-17A5396A737B}.Debug|Any CPU.Build.0 = Debug|Any CPU
		{8F64444C-520A-4719-AA24-17A5396A737B}.Debug|ARM.ActiveCfg = Debug|Any CPU
		{8F64444C-520A-4719-AA24-17A5396A737B}.Debug|ARM.Build.0 = Debug|Any CPU
		{8F64444C-520A-4719-AA24-17A5396A737B}.Debug|iPhone.ActiveCfg = Debug|Any CPU
		{8F64444C-520A-4719-AA24-17A5396A737B}.Debug|iPhone.Build.0 = Debug|Any CPU
		{8F64444C-520A-4719-AA24-17A5396A737B}.Debug|iPhoneSimulator.ActiveCfg = Debug|Any CPU
		{8F64444C-520A-4719-AA24-17A5396A737B}.Debug|iPhoneSimulator.Build.0 = Debug|Any CPU
		{8F64444C-520A-4719-AA24-17A5396A737B}.Debug|x64.ActiveCfg = Debug|Any CPU
		{8F64444C-520A-4719-AA24-17A5396A737B}.Debug|x64.Build.0 = Debug|Any CPU
		{8F64444C-520A-4719-AA24-17A5396A737B}.Debug|x86.ActiveCfg = Debug|Any CPU
		{8F64444C-520A-4719-AA24-17A5396A737B}.Debug|x86.Build.0 = Debug|Any CPU
		{8F64444C-520A-4719-AA24-17A5396A737B}.Release|Any CPU.ActiveCfg = Release|Any CPU
		{8F64444C-520A-4719-AA24-17A5396A737B}.Release|Any CPU.Build.0 = Release|Any CPU
		{8F64444C-520A-4719-AA24-17A5396A737B}.Release|ARM.ActiveCfg = Release|Any CPU
		{8F64444C-520A-4719-AA24-17A5396A737B}.Release|ARM.Build.0 = Release|Any CPU
		{8F64444C-520A-4719-AA24-17A5396A737B}.Release|iPhone.ActiveCfg = Release|Any CPU
		{8F64444C-520A-4719-AA24-17A5396A737B}.Release|iPhone.Build.0 = Release|Any CPU
		{8F64444C-520A-4719-AA24-17A5396A737B}.Release|iPhoneSimulator.ActiveCfg = Release|Any CPU
		{8F64444C-520A-4719-AA24-17A5396A737B}.Release|iPhoneSimulator.Build.0 = Release|Any CPU
		{8F64444C-520A-4719-AA24-17A5396A737B}.Release|x64.ActiveCfg = Release|Any CPU
		{8F64444C-520A-4719-AA24-17A5396A737B}.Release|x64.Build.0 = Release|Any CPU
		{8F64444C-520A-4719-AA24-17A5396A737B}.Release|x86.ActiveCfg = Release|Any CPU
		{8F64444C-520A-4719-AA24-17A5396A737B}.Release|x86.Build.0 = Release|Any CPU
		{EC758375-F397-4346-8133-E6EB816C3494}.Debug|Any CPU.ActiveCfg = Debug|Any CPU
		{EC758375-F397-4346-8133-E6EB816C3494}.Debug|Any CPU.Build.0 = Debug|Any CPU
		{EC758375-F397-4346-8133-E6EB816C3494}.Debug|ARM.ActiveCfg = Debug|Any CPU
		{EC758375-F397-4346-8133-E6EB816C3494}.Debug|ARM.Build.0 = Debug|Any CPU
		{EC758375-F397-4346-8133-E6EB816C3494}.Debug|iPhone.ActiveCfg = Debug|Any CPU
		{EC758375-F397-4346-8133-E6EB816C3494}.Debug|iPhone.Build.0 = Debug|Any CPU
		{EC758375-F397-4346-8133-E6EB816C3494}.Debug|iPhoneSimulator.ActiveCfg = Debug|Any CPU
		{EC758375-F397-4346-8133-E6EB816C3494}.Debug|iPhoneSimulator.Build.0 = Debug|Any CPU
		{EC758375-F397-4346-8133-E6EB816C3494}.Debug|x64.ActiveCfg = Debug|Any CPU
		{EC758375-F397-4346-8133-E6EB816C3494}.Debug|x64.Build.0 = Debug|Any CPU
		{EC758375-F397-4346-8133-E6EB816C3494}.Debug|x86.ActiveCfg = Debug|Any CPU
		{EC758375-F397-4346-8133-E6EB816C3494}.Debug|x86.Build.0 = Debug|Any CPU
		{EC758375-F397-4346-8133-E6EB816C3494}.Release|Any CPU.ActiveCfg = Release|Any CPU
		{EC758375-F397-4346-8133-E6EB816C3494}.Release|Any CPU.Build.0 = Release|Any CPU
		{EC758375-F397-4346-8133-E6EB816C3494}.Release|ARM.ActiveCfg = Release|Any CPU
		{EC758375-F397-4346-8133-E6EB816C3494}.Release|ARM.Build.0 = Release|Any CPU
		{EC758375-F397-4346-8133-E6EB816C3494}.Release|iPhone.ActiveCfg = Release|Any CPU
		{EC758375-F397-4346-8133-E6EB816C3494}.Release|iPhone.Build.0 = Release|Any CPU
		{EC758375-F397-4346-8133-E6EB816C3494}.Release|iPhoneSimulator.ActiveCfg = Release|Any CPU
		{EC758375-F397-4346-8133-E6EB816C3494}.Release|iPhoneSimulator.Build.0 = Release|Any CPU
		{EC758375-F397-4346-8133-E6EB816C3494}.Release|x64.ActiveCfg = Release|Any CPU
		{EC758375-F397-4346-8133-E6EB816C3494}.Release|x64.Build.0 = Release|Any CPU
		{EC758375-F397-4346-8133-E6EB816C3494}.Release|x86.ActiveCfg = Release|Any CPU
		{EC758375-F397-4346-8133-E6EB816C3494}.Release|x86.Build.0 = Release|Any CPU
	EndGlobalSection
	GlobalSection(SolutionProperties) = preSolution
		HideSolutionNode = FALSE
	EndGlobalSection
	GlobalSection(ExtensibilityGlobals) = postSolution
		SolutionGuid = {59868188-E090-481E-BE02-44A890C1D458}
	EndGlobalSection
EndGlobal
